
Microsoft Visual Studio Solution File, Format Version 12.00
# Visual Studio Version 17
VisualStudioVersion = 17.0.31903.59
MinimumVisualStudioVersion = 10.0.40219.1
Project("{2150E333-8FDC-42A3-9474-1A3956D46DE8}") = "src", "src", "{827E0CD3-B72D-47B6-A68D-7590B98EB39B}"
EndProject
Project("{FAE04EC0-301F-11D3-BF4B-00C04F79EFBC}") = "Forum.Api", "src\Forum.Api\Forum.Api.csproj", "{25B53E69-AFC5-47B6-A32E-085B5A1215CA}"
EndProject
Project("{FAE04EC0-301F-11D3-BF4B-00C04F79EFBC}") = "Forum.Application", "src\Forum.Application\Forum.Application.csproj", "{0B562EC0-30CE-4AEC-A8BC-5E6A3C87ADDD}"
EndProject
Project("{FAE04EC0-301F-11D3-BF4B-00C04F79EFBC}") = "Forum.Domain", "src\Forum.Domain\Forum.Domain.csproj", "{D8725930-6801-455A-B33C-3555084102EC}"
EndProject
Project("{FAE04EC0-301F-11D3-BF4B-00C04F79EFBC}") = "Forum.Infrastructure", "src\Forum.Infrastructure\Forum.Infrastructure.csproj", "{BDF8D700-B423-473E-A583-B78EA228939F}"
EndProject
Project("{2150E333-8FDC-42A3-9474-1A3956D46DE8}") = "tests", "tests", "{0AB3BF05-4346-4AA6-1389-037BE0695223}"
EndProject
Project("{FAE04EC0-301F-11D3-BF4B-00C04F79EFBC}") = "Forum.IntegrationTests", "tests\Forum.IntegrationTests\Forum.IntegrationTests.csproj", "{6FB0746B-A43A-4C73-B444-20B776C78781}"
EndProject
Project("{FAE04EC0-301F-11D3-BF4B-00C04F79EFBC}") = "Forum.UnitTests", "tests\Forum.UnitTests\Forum.UnitTests.csproj", "{F4439164-3916-4386-9B7A-FC472EDB60EF}"
EndProject
Global
	GlobalSection(SolutionConfigurationPlatforms) = preSolution
		Debug|Any CPU = Debug|Any CPU
		Debug|x64 = Debug|x64
		Debug|x86 = Debug|x86
		Release|Any CPU = Release|Any CPU
		Release|x64 = Release|x64
		Release|x86 = Release|x86
	EndGlobalSection
	GlobalSection(ProjectConfigurationPlatforms) = postSolution
		{25B53E69-AFC5-47B6-A32E-085B5A1215CA}.Debug|Any CPU.ActiveCfg = Debug|Any CPU
		{25B53E69-AFC5-47B6-A32E-085B5A1215CA}.Debug|Any CPU.Build.0 = Debug|Any CPU
		{25B53E69-AFC5-47B6-A32E-085B5A1215CA}.Debug|x64.ActiveCfg = Debug|Any CPU
		{25B53E69-AFC5-47B6-A32E-085B5A1215CA}.Debug|x64.Build.0 = Debug|Any CPU
		{25B53E69-AFC5-47B6-A32E-085B5A1215CA}.Debug|x86.ActiveCfg = Debug|Any CPU
		{25B53E69-AFC5-47B6-A32E-085B5A1215CA}.Debug|x86.Build.0 = Debug|Any CPU
		{25B53E69-AFC5-47B6-A32E-085B5A1215CA}.Release|Any CPU.ActiveCfg = Release|Any CPU
		{25B53E69-AFC5-47B6-A32E-085B5A1215CA}.Release|Any CPU.Build.0 = Release|Any CPU
		{25B53E69-AFC5-47B6-A32E-085B5A1215CA}.Release|x64.ActiveCfg = Release|Any CPU
		{25B53E69-AFC5-47B6-A32E-085B5A1215CA}.Release|x64.Build.0 = Release|Any CPU
		{25B53E69-AFC5-47B6-A32E-085B5A1215CA}.Release|x86.ActiveCfg = Release|Any CPU
		{25B53E69-AFC5-47B6-A32E-085B5A1215CA}.Release|x86.Build.0 = Release|Any CPU
		{0B562EC0-30CE-4AEC-A8BC-5E6A3C87ADDD}.Debug|Any CPU.ActiveCfg = Debug|Any CPU
		{0B562EC0-30CE-4AEC-A8BC-5E6A3C87ADDD}.Debug|Any CPU.Build.0 = Debug|Any CPU
		{0B562EC0-30CE-4AEC-A8BC-5E6A3C87ADDD}.Debug|x64.ActiveCfg = Debug|Any CPU
		{0B562EC0-30CE-4AEC-A8BC-5E6A3C87ADDD}.Debug|x64.Build.0 = Debug|Any CPU
		{0B562EC0-30CE-4AEC-A8BC-5E6A3C87ADDD}.Debug|x86.ActiveCfg = Debug|Any CPU
		{0B562EC0-30CE-4AEC-A8BC-5E6A3C87ADDD}.Debug|x86.Build.0 = Debug|Any CPU
		{0B562EC0-30CE-4AEC-A8BC-5E6A3C87ADDD}.Release|Any CPU.ActiveCfg = Release|Any CPU
		{0B562EC0-30CE-4AEC-A8BC-5E6A3C87ADDD}.Release|Any CPU.Build.0 = Release|Any CPU
		{0B562EC0-30CE-4AEC-A8BC-5E6A3C87ADDD}.Release|x64.ActiveCfg = Release|Any CPU
		{0B562EC0-30CE-4AEC-A8BC-5E6A3C87ADDD}.Release|x64.Build.0 = Release|Any CPU
		{0B562EC0-30CE-4AEC-A8BC-5E6A3C87ADDD}.Release|x86.ActiveCfg = Release|Any CPU
		{0B562EC0-30CE-4AEC-A8BC-5E6A3C87ADDD}.Release|x86.Build.0 = Release|Any CPU
		{D8725930-6801-455A-B33C-3555084102EC}.Debug|Any CPU.ActiveCfg = Debug|Any CPU
		{D8725930-6801-455A-B33C-3555084102EC}.Debug|Any CPU.Build.0 = Debug|Any CPU
		{D8725930-6801-455A-B33C-3555084102EC}.Debug|x64.ActiveCfg = Debug|Any CPU
		{D8725930-6801-455A-B33C-3555084102EC}.Debug|x64.Build.0 = Debug|Any CPU
		{D8725930-6801-455A-B33C-3555084102EC}.Debug|x86.ActiveCfg = Debug|Any CPU
		{D8725930-6801-455A-B33C-3555084102EC}.Debug|x86.Build.0 = Debug|Any CPU
		{D8725930-6801-455A-B33C-3555084102EC}.Release|Any CPU.ActiveCfg = Release|Any CPU
		{D8725930-6801-455A-B33C-3555084102EC}.Release|Any CPU.Build.0 = Release|Any CPU
		{D8725930-6801-455A-B33C-3555084102EC}.Release|x64.ActiveCfg = Release|Any CPU
		{D8725930-6801-455A-B33C-3555084102EC}.Release|x64.Build.0 = Release|Any CPU
		{D8725930-6801-455A-B33C-3555084102EC}.Release|x86.ActiveCfg = Release|Any CPU
		{D8725930-6801-455A-B33C-3555084102EC}.Release|x86.Build.0 = Release|Any CPU
		{BDF8D700-B423-473E-A583-B78EA228939F}.Debug|Any CPU.ActiveCfg = Debug|Any CPU
		{BDF8D700-B423-473E-A583-B78EA228939F}.Debug|Any CPU.Build.0 = Debug|Any CPU
		{BDF8D700-B423-473E-A583-B78EA228939F}.Debug|x64.ActiveCfg = Debug|Any CPU
		{BDF8D700-B423-473E-A583-B78EA228939F}.Debug|x64.Build.0 = Debug|Any CPU
		{BDF8D700-B423-473E-A583-B78EA228939F}.Debug|x86.ActiveCfg = Debug|Any CPU
		{BDF8D700-B423-473E-A583-B78EA228939F}.Debug|x86.Build.0 = Debug|Any CPU
		{BDF8D700-B423-473E-A583-B78EA228939F}.Release|Any CPU.ActiveCfg = Release|Any CPU
		{BDF8D700-B423-473E-A583-B78EA228939F}.Release|Any CPU.Build.0 = Release|Any CPU
		{BDF8D700-B423-473E-A583-B78EA228939F}.Release|x64.ActiveCfg = Release|Any CPU
		{BDF8D700-B423-473E-A583-B78EA228939F}.Release|x64.Build.0 = Release|Any CPU
		{BDF8D700-B423-473E-A583-B78EA228939F}.Release|x86.ActiveCfg = Release|Any CPU
		{BDF8D700-B423-473E-A583-B78EA228939F}.Release|x86.Build.0 = Release|Any CPU
		{6FB0746B-A43A-4C73-B444-20B776C78781}.Debug|Any CPU.ActiveCfg = Debug|Any CPU
		{6FB0746B-A43A-4C73-B444-20B776C78781}.Debug|Any CPU.Build.0 = Debug|Any CPU
		{6FB0746B-A43A-4C73-B444-20B776C78781}.Debug|x64.ActiveCfg = Debug|Any CPU
		{6FB0746B-A43A-4C73-B444-20B776C78781}.Debug|x64.Build.0 = Debug|Any CPU
		{6FB0746B-A43A-4C73-B444-20B776C78781}.Debug|x86.ActiveCfg = Debug|Any CPU
		{6FB0746B-A43A-4C73-B444-20B776C78781}.Debug|x86.Build.0 = Debug|Any CPU
		{6FB0746B-A43A-4C73-B444-20B776C78781}.Release|Any CPU.ActiveCfg = Release|Any CPU
		{6FB0746B-A43A-4C73-B444-20B776C78781}.Release|Any CPU.Build.0 = Release|Any CPU
		{6FB0746B-A43A-4C73-B444-20B776C78781}.Release|x64.ActiveCfg = Release|Any CPU
		{6FB0746B-A43A-4C73-B444-20B776C78781}.Release|x64.Build.0 = Release|Any CPU
		{6FB0746B-A43A-4C73-B444-20B776C78781}.Release|x86.ActiveCfg = Release|Any CPU
		{6FB0746B-A43A-4C73-B444-20B776C78781}.Release|x86.Build.0 = Release|Any CPU
		{F4439164-3916-4386-9B7A-FC472EDB60EF}.Debug|Any CPU.ActiveCfg = Debug|Any CPU
		{F4439164-3916-4386-9B7A-FC472EDB60EF}.Debug|Any CPU.Build.0 = Debug|Any CPU
		{F4439164-3916-4386-9B7A-FC472EDB60EF}.Debug|x64.ActiveCfg = Debug|Any CPU
		{F4439164-3916-4386-9B7A-FC472EDB60EF}.Debug|x64.Build.0 = Debug|Any CPU
		{F4439164-3916-4386-9B7A-FC472EDB60EF}.Debug|x86.ActiveCfg = Debug|Any CPU
		{F4439164-3916-4386-9B7A-FC472EDB60EF}.Debug|x86.Build.0 = Debug|Any CPU
		{F4439164-3916-4386-9B7A-FC472EDB60EF}.Release|Any CPU.ActiveCfg = Release|Any CPU
		{F4439164-3916-4386-9B7A-FC472EDB60EF}.Release|Any CPU.Build.0 = Release|Any CPU
		{F4439164-3916-4386-9B7A-FC472EDB60EF}.Release|x64.ActiveCfg = Release|Any CPU
		{F4439164-3916-4386-9B7A-FC472EDB60EF}.Release|x64.Build.0 = Release|Any CPU
		{F4439164-3916-4386-9B7A-FC472EDB60EF}.Release|x86.ActiveCfg = Release|Any CPU
		{F4439164-3916-4386-9B7A-FC472EDB60EF}.Release|x86.Build.0 = Release|Any CPU
	EndGlobalSection
	GlobalSection(SolutionProperties) = preSolution
		HideSolutionNode = FALSE
	EndGlobalSection
	GlobalSection(NestedProjects) = preSolution
		{25B53E69-AFC5-47B6-A32E-085B5A1215CA} = {827E0CD3-B72D-47B6-A68D-7590B98EB39B}
		{0B562EC0-30CE-4AEC-A8BC-5E6A3C87ADDD} = {827E0CD3-B72D-47B6-A68D-7590B98EB39B}
		{D8725930-6801-455A-B33C-3555084102EC} = {827E0CD3-B72D-47B6-A68D-7590B98EB39B}
		{BDF8D700-B423-473E-A583-B78EA228939F} = {827E0CD3-B72D-47B6-A68D-7590B98EB39B}
		{6FB0746B-A43A-4C73-B444-20B776C78781} = {0AB3BF05-4346-4AA6-1389-037BE0695223}
		{F4439164-3916-4386-9B7A-FC472EDB60EF} = {0AB3BF05-4346-4AA6-1389-037BE0695223}
	EndGlobalSection
EndGlobal
